
Microsoft Visual Studio Solution File, Format Version 11.00
# Visual Studio 2010
Project("{FAE04EC0-301F-11D3-BF4B-00C04F79EFBC}") = "SceneCrm.Entities", "SceneCrm.Entities\SceneCrm.Entities.csproj", "{0D0FCA1E-C746-4CA7-BBA4-DBB98A4F7014}"
EndProject
Project("{FAE04EC0-301F-11D3-BF4B-00C04F79EFBC}") = "SceneAndHeard.MvcWebApp", "SceneAndHeard.MvcWebApp\SceneAndHeard.MvcWebApp.csproj", "{ABC30AF6-E38E-4473-90F8-C33AB710644E}"
EndProject
Global
	GlobalSection(SolutionConfigurationPlatforms) = preSolution
		Debug|Any CPU = Debug|Any CPU
		Release|Any CPU = Release|Any CPU
	EndGlobalSection
	GlobalSection(ProjectConfigurationPlatforms) = postSolution
		{0D0FCA1E-C746-4CA7-BBA4-DBB98A4F7014}.Debug|Any CPU.ActiveCfg = Debug|Any CPU
		{0D0FCA1E-C746-4CA7-BBA4-DBB98A4F7014}.Debug|Any CPU.Build.0 = Debug|Any CPU
		{0D0FCA1E-C746-4CA7-BBA4-DBB98A4F7014}.Release|Any CPU.ActiveCfg = Release|Any CPU
		{0D0FCA1E-C746-4CA7-BBA4-DBB98A4F7014}.Release|Any CPU.Build.0 = Release|Any CPU
		{ABC30AF6-E38E-4473-90F8-C33AB710644E}.Debug|Any CPU.ActiveCfg = Debug|Any CPU
		{ABC30AF6-E38E-4473-90F8-C33AB710644E}.Debug|Any CPU.Build.0 = Debug|Any CPU
		{ABC30AF6-E38E-4473-90F8-C33AB710644E}.Release|Any CPU.ActiveCfg = Release|Any CPU
		{ABC30AF6-E38E-4473-90F8-C33AB710644E}.Release|Any CPU.Build.0 = Release|Any CPU
	EndGlobalSection
	GlobalSection(SolutionProperties) = preSolution
		HideSolutionNode = FALSE
	EndGlobalSection
EndGlobal
